
Microsoft Visual Studio Solution File, Format Version 12.00
# Visual Studio 15
VisualStudioVersion = 15.0.28307.438
MinimumVisualStudioVersion = 10.0.40219.1
Project("{FAE04EC0-301F-11D3-BF4B-00C04F79EFBC}") = "SalesWebMvc", "SalesWebMvc\SalesWebMvc.csproj", "{93085B97-E939-4EC5-BE43-325E3E272576}"
EndProject
Global
	GlobalSection(SolutionConfigurationPlatforms) = preSolution
		Debug|Any CPU = Debug|Any CPU
		Release|Any CPU = Release|Any CPU
	EndGlobalSection
	GlobalSection(ProjectConfigurationPlatforms) = postSolution
		{93085B97-E939-4EC5-BE43-325E3E272576}.Debug|Any CPU.ActiveCfg = Debug|Any CPU
		{93085B97-E939-4EC5-BE43-325E3E272576}.Debug|Any CPU.Build.0 = Debug|Any CPU
		{93085B97-E939-4EC5-BE43-325E3E272576}.Release|Any CPU.ActiveCfg = Release|Any CPU
		{93085B97-E939-4EC5-BE43-325E3E272576}.Release|Any CPU.Build.0 = Release|Any CPU
	EndGlobalSection
	GlobalSection(SolutionProperties) = preSolution
		HideSolutionNode = FALSE
	EndGlobalSection
	GlobalSection(ExtensibilityGlobals) = postSolution
		SolutionGuid = {B498EFA7-57DA-4B64-B3C0-7B5D8970FF41}
	EndGlobalSection
EndGlobal
